// !$*UTF8*$!
{
	archiveVersion = 1;
	classes = {
	};
	objectVersion = 46;
	objects = {

/* Begin PBXBuildFile section */
		5C920C477F57CFF21BB9C469 /* libPods.a in Frameworks */ = {isa = PBXBuildFile; fileRef = 02CB0EAAE541F33ECEC254AF /* libPods.a */; };
		B200CF8D1B4EB87B00130D73 /* NTConsultViewController.m in Sources */ = {isa = PBXBuildFile; fileRef = B200CF8C1B4EB87B00130D73 /* NTConsultViewController.m */; };
		B20631611B1BF4C000C02FA6 /* main.m in Sources */ = {isa = PBXBuildFile; fileRef = B20631601B1BF4C000C02FA6 /* main.m */; };
		B20631641B1BF4C000C02FA6 /* AppDelegate.m in Sources */ = {isa = PBXBuildFile; fileRef = B20631631B1BF4C000C02FA6 /* AppDelegate.m */; };
		B20631671B1BF4C000C02FA6 /* ViewController.m in Sources */ = {isa = PBXBuildFile; fileRef = B20631661B1BF4C000C02FA6 /* ViewController.m */; };
		B206316A1B1BF4C000C02FA6 /* Main.storyboard in Resources */ = {isa = PBXBuildFile; fileRef = B20631681B1BF4C000C02FA6 /* Main.storyboard */; };
		B206316C1B1BF4C000C02FA6 /* Images.xcassets in Resources */ = {isa = PBXBuildFile; fileRef = B206316B1B1BF4C000C02FA6 /* Images.xcassets */; };
		B206316F1B1BF4C000C02FA6 /* LaunchScreen.xib in Resources */ = {isa = PBXBuildFile; fileRef = B206316D1B1BF4C000C02FA6 /* LaunchScreen.xib */; };
		B206317B1B1BF4C000C02FA6 /* NTLoveStoreTests.m in Sources */ = {isa = PBXBuildFile; fileRef = B206317A1B1BF4C000C02FA6 /* NTLoveStoreTests.m */; };
		B20631851B1C0ED300C02FA6 /* libPods-MBProgressHUD.a in Frameworks */ = {isa = PBXBuildFile; fileRef = B20631841B1C0ED300C02FA6 /* libPods-MBProgressHUD.a */; };
		B21037DC1B253DE300ED732B /* NTLoginViewController.m in Sources */ = {isa = PBXBuildFile; fileRef = B21037DB1B253DE300ED732B /* NTLoginViewController.m */; };
		B21037E51B2541C200ED732B /* NTColor.m in Sources */ = {isa = PBXBuildFile; fileRef = B21037E21B2541C200ED732B /* NTColor.m */; };
		B21037E61B2541C200ED732B /* NTImage.m in Sources */ = {isa = PBXBuildFile; fileRef = B21037E41B2541C200ED732B /* NTImage.m */; };
		B21037EC1B2578F800ED732B /* NTParentViewController.m in Sources */ = {isa = PBXBuildFile; fileRef = B21037EB1B2578F800ED732B /* NTParentViewController.m */; };
		B213C0C51B259D210023D6B5 /* NTAsynService.m in Sources */ = {isa = PBXBuildFile; fileRef = B213C0C41B259D210023D6B5 /* NTAsynService.m */; };
		B2255A671B4C12DD00FA2C21 /* logo.png in Resources */ = {isa = PBXBuildFile; fileRef = B2255A661B4C12DD00FA2C21 /* logo.png */; };
		B2255A731B4C191C00FA2C21 /* VRGCalendarView.m in Sources */ = {isa = PBXBuildFile; fileRef = B2255A6A1B4C191C00FA2C21 /* VRGCalendarView.m */; settings = {COMPILER_FLAGS = "-fno-objc-arc"; }; };
		B2255A741B4C191C00FA2C21 /* UIView+convenience.m in Sources */ = {isa = PBXBuildFile; fileRef = B2255A6C1B4C191C00FA2C21 /* UIView+convenience.m */; };
		B2255A751B4C191C00FA2C21 /* NSMutableArray+convenience.m in Sources */ = {isa = PBXBuildFile; fileRef = B2255A6E1B4C191C00FA2C21 /* NSMutableArray+convenience.m */; settings = {COMPILER_FLAGS = "-fno-objc-arc"; }; };
		B2255A761B4C191C00FA2C21 /* NSDate+convenience.m in Sources */ = {isa = PBXBuildFile; fileRef = B2255A701B4C191C00FA2C21 /* NSDate+convenience.m */; };
		B2255A771B4C191C00FA2C21 /* UIColor+expanded.m in Sources */ = {isa = PBXBuildFile; fileRef = B2255A721B4C191C00FA2C21 /* UIColor+expanded.m */; };
		B22F99EA1B418B500027EB40 /* floar.jpg in Resources */ = {isa = PBXBuildFile; fileRef = B22F99E31B418B500027EB40 /* floar.jpg */; };
		B22F99EB1B418B500027EB40 /* form.jpg in Resources */ = {isa = PBXBuildFile; fileRef = B22F99E41B418B500027EB40 /* form.jpg */; };
		B22F99EC1B418B500027EB40 /* hotel.jpg in Resources */ = {isa = PBXBuildFile; fileRef = B22F99E51B418B500027EB40 /* hotel.jpg */; };
		B22F99ED1B418B500027EB40 /* light.jpg in Resources */ = {isa = PBXBuildFile; fileRef = B22F99E61B418B500027EB40 /* light.jpg */; };
		B22F99EE1B418B500027EB40 /* props.jpg in Resources */ = {isa = PBXBuildFile; fileRef = B22F99E71B418B500027EB40 /* props.jpg */; };
		B22F99EF1B418B500027EB40 /* site.jpg in Resources */ = {isa = PBXBuildFile; fileRef = B22F99E81B418B500027EB40 /* site.jpg */; };
		B22F99F01B418B500027EB40 /* staff.jpg in Resources */ = {isa = PBXBuildFile; fileRef = B22F99E91B418B500027EB40 /* staff.jpg */; };
		B2394DC21B500CC500F1E516 /* NTConsultViewController.xib in Resources */ = {isa = PBXBuildFile; fileRef = B2394DC11B500CC500F1E516 /* NTConsultViewController.xib */; };
		B23B3A3B1B29C5CA00328AD9 /* NTHomeView.m in Sources */ = {isa = PBXBuildFile; fileRef = B23B3A3A1B29C5CA00328AD9 /* NTHomeView.m */; };
		B251A2531B37E45C00B537A1 /* shopping.png in Resources */ = {isa = PBXBuildFile; fileRef = B251A2521B37E45C00B537A1 /* shopping.png */; };
		B251A2551B37E59200B537A1 /* user.png in Resources */ = {isa = PBXBuildFile; fileRef = B251A2541B37E59200B537A1 /* user.png */; };
		B251A2571B37EBED00B537A1 /* separate.jpg in Resources */ = {isa = PBXBuildFile; fileRef = B251A2561B37EBED00B537A1 /* separate.jpg */; };
		B251A25A1B37F1FE00B537A1 /* NTUserPopViewController.m in Sources */ = {isa = PBXBuildFile; fileRef = B251A2591B37F1FE00B537A1 /* NTUserPopViewController.m */; };
		B26284AD1B52771000890E2C /* NTShopcarTableViewCell.m in Sources */ = {isa = PBXBuildFile; fileRef = B26284AB1B52771000890E2C /* NTShopcarTableViewCell.m */; };
		B26284AE1B52771000890E2C /* NTShopcarTableViewCell.xib in Resources */ = {isa = PBXBuildFile; fileRef = B26284AC1B52771000890E2C /* NTShopcarTableViewCell.xib */; };
		B26EF0571B4448F0000D106D /* login.png in Resources */ = {isa = PBXBuildFile; fileRef = B26EF0561B4448F0000D106D /* login.png */; };
		B283E05E1B31BC8F0001D6F1 /* NTWebViewController.m in Sources */ = {isa = PBXBuildFile; fileRef = B283E05D1B31BC8F0001D6F1 /* NTWebViewController.m */; };
		B283E0621B31C9960001D6F1 /* NTShoppingCarViewController.m in Sources */ = {isa = PBXBuildFile; fileRef = B283E0611B31C9960001D6F1 /* NTShoppingCarViewController.m */; };
		B28842191B1DE76E00C972CF /* NTUserDefaults.m in Sources */ = {isa = PBXBuildFile; fileRef = B28842181B1DE76E00C972CF /* NTUserDefaults.m */; };
		B2A0463E1B27DD1800B260EF /* NTHeadSelectView.m in Sources */ = {isa = PBXBuildFile; fileRef = B2A0463D1B27DD1800B260EF /* NTHeadSelectView.m */; };
		B2A4CED11B317BF00058DE58 /* NTScrollImageView.m in Sources */ = {isa = PBXBuildFile; fileRef = B2A4CED01B317BF00058DE58 /* NTScrollImageView.m */; };
		B2A4CED31B317DAA0058DE58 /* libPods-SDWebImage.a in Frameworks */ = {isa = PBXBuildFile; fileRef = B2A4CED21B317DAA0058DE58 /* libPods-SDWebImage.a */; };
		B2B21C8A1B59ECF000619882 /* NTUserInfoViewController.xib in Resources */ = {isa = PBXBuildFile; fileRef = B2B21C891B59ECF000619882 /* NTUserInfoViewController.xib */; };
		B2C71E651B26818500682AEB /* NTConfigurationFile.plist in Resources */ = {isa = PBXBuildFile; fileRef = B2C71E641B26818500682AEB /* NTConfigurationFile.plist */; };
		B2C71E681B26871600682AEB /* NTReadConfiguration.m in Sources */ = {isa = PBXBuildFile; fileRef = B2C71E671B26871600682AEB /* NTReadConfiguration.m */; };
		B2CB93021B4516BC003385D7 /* NTFunction.m in Sources */ = {isa = PBXBuildFile; fileRef = B2CB93011B4516BC003385D7 /* NTFunction.m */; };
		B2D533F01B5FD122005C9B3D /* NTListTableViewCell.m in Sources */ = {isa = PBXBuildFile; fileRef = B2D533EE1B5FD122005C9B3D /* NTListTableViewCell.m */; };
		B2D533F11B5FD122005C9B3D /* NTListTableViewCell.xib in Resources */ = {isa = PBXBuildFile; fileRef = B2D533EF1B5FD122005C9B3D /* NTListTableViewCell.xib */; };
		B2D533F41B5FD711005C9B3D /* NTListView.m in Sources */ = {isa = PBXBuildFile; fileRef = B2D533F31B5FD711005C9B3D /* NTListView.m */; };
		B2D91DCF1B5122AE00DE9722 /* NTFInishView.m in Sources */ = {isa = PBXBuildFile; fileRef = B2D91DCE1B5122AE00DE9722 /* NTFInishView.m */; };
		B2D91DD11B51274100DE9722 /* NTFinishView.xib in Resources */ = {isa = PBXBuildFile; fileRef = B2D91DD01B51274100DE9722 /* NTFinishView.xib */; };
		B2D91DD31B51546A00DE9722 /* NTShoppingCarViewController.xib in Resources */ = {isa = PBXBuildFile; fileRef = B2D91DD21B51546A00DE9722 /* NTShoppingCarViewController.xib */; };
		B2D999051B2C10C20068DE87 /* NTLeftTableViewCell.m in Sources */ = {isa = PBXBuildFile; fileRef = B2D999041B2C10C20068DE87 /* NTLeftTableViewCell.m */; };
		B2D999091B2C35E70068DE87 /* NTContentViewController.m in Sources */ = {isa = PBXBuildFile; fileRef = B2D999081B2C35E70068DE87 /* NTContentViewController.m */; };
		B2E5C8AF1B37FBC40011A95F /* moreicon.png in Resources */ = {isa = PBXBuildFile; fileRef = B2E5C8AE1B37FBC40011A95F /* moreicon.png */; };
		B2E808D31B4AB9DB00A9D9FE /* picple.png in Resources */ = {isa = PBXBuildFile; fileRef = B2E808D21B4AB9DB00A9D9FE /* picple.png */; };
		B2E808D51B4ABDC000A9D9FE /* HeaderBg_7.png in Resources */ = {isa = PBXBuildFile; fileRef = B2E808D41B4ABDC000A9D9FE /* HeaderBg_7.png */; };
		B2EAB19C1B273B7B00BB419A /* libPods-EGOImageLoading.a in Frameworks */ = {isa = PBXBuildFile; fileRef = B2EAB19B1B273B7B00BB419A /* libPods-EGOImageLoading.a */; };
		B2EAB19F1B273B8100BB419A /* libPods-AFNetworking.a in Frameworks */ = {isa = PBXBuildFile; fileRef = B2EAB19D1B273B8100BB419A /* libPods-AFNetworking.a */; };
		B2EAB1A01B273B8100BB419A /* libPods-EGOCache.a in Frameworks */ = {isa = PBXBuildFile; fileRef = B2EAB19E1B273B8100BB419A /* libPods-EGOCache.a */; };
		B2EF0B881B394126008B40ED /* NTUserInfoViewController.m in Sources */ = {isa = PBXBuildFile; fileRef = B2EF0B871B394126008B40ED /* NTUserInfoViewController.m */; };
		B2F1F6D71B2ACFF000B6BCA8 /* NTMemberView.m in Sources */ = {isa = PBXBuildFile; fileRef = B2F1F6D61B2ACFF000B6BCA8 /* NTMemberView.m */; };
		B2F1F6DC1B2AE43A00B6BCA8 /* NTFunctionTableViewCell.m in Sources */ = {isa = PBXBuildFile; fileRef = B2F1F6DB1B2AE43A00B6BCA8 /* NTFunctionTableViewCell.m */; };
		B2F1F6E01B2AE79E00B6BCA8 /* NTFunctionView.m in Sources */ = {isa = PBXBuildFile; fileRef = B2F1F6DF1B2AE79E00B6BCA8 /* NTFunctionView.m */; };
		B2F2D1111B42D0FE00231782 /* NTShowDetailVIew.m in Sources */ = {isa = PBXBuildFile; fileRef = B2F2D1101B42D0FE00231782 /* NTShowDetailVIew.m */; };
		B2F3A1651B28919A00B1FCA1 /* NTButton.m in Sources */ = {isa = PBXBuildFile; fileRef = B2F3A1641B28919A00B1FCA1 /* NTButton.m */; };
/* End PBXBuildFile section */

/* Begin PBXContainerItemProxy section */
		B20631751B1BF4C000C02FA6 /* PBXContainerItemProxy */ = {
			isa = PBXContainerItemProxy;
			containerPortal = B20631531B1BF4C000C02FA6 /* Project object */;
			proxyType = 1;
			remoteGlobalIDString = B206315A1B1BF4C000C02FA6;
			remoteInfo = NTLoveStore;
		};
/* End PBXContainerItemProxy section */

/* Begin PBXFileReference section */
		02CB0EAAE541F33ECEC254AF /* libPods.a */ = {isa = PBXFileReference; explicitFileType = archive.ar; includeInIndex = 0; path = libPods.a; sourceTree = BUILT_PRODUCTS_DIR; };
		B200CF8B1B4EB87B00130D73 /* NTConsultViewController.h */ = {isa = PBXFileReference; fileEncoding = 4; lastKnownFileType = sourcecode.c.h; path = NTConsultViewController.h; sourceTree = "<group>"; };
		B200CF8C1B4EB87B00130D73 /* NTConsultViewController.m */ = {isa = PBXFileReference; fileEncoding = 4; lastKnownFileType = sourcecode.c.objc; path = NTConsultViewController.m; sourceTree = "<group>"; };
		B206315B1B1BF4C000C02FA6 /* NTLoveStore.app */ = {isa = PBXFileReference; explicitFileType = wrapper.application; includeInIndex = 0; path = NTLoveStore.app; sourceTree = BUILT_PRODUCTS_DIR; };
		B206315F1B1BF4C000C02FA6 /* Info.plist */ = {isa = PBXFileReference; lastKnownFileType = text.plist.xml; path = Info.plist; sourceTree = "<group>"; };
		B20631601B1BF4C000C02FA6 /* main.m */ = {isa = PBXFileReference; lastKnownFileType = sourcecode.c.objc; path = main.m; sourceTree = "<group>"; };
		B20631621B1BF4C000C02FA6 /* AppDelegate.h */ = {isa = PBXFileReference; lastKnownFileType = sourcecode.c.h; path = AppDelegate.h; sourceTree = "<group>"; };
		B20631631B1BF4C000C02FA6 /* AppDelegate.m */ = {isa = PBXFileReference; lastKnownFileType = sourcecode.c.objc; path = AppDelegate.m; sourceTree = "<group>"; };
		B20631651B1BF4C000C02FA6 /* ViewController.h */ = {isa = PBXFileReference; lastKnownFileType = sourcecode.c.h; path = ViewController.h; sourceTree = "<group>"; };
		B20631661B1BF4C000C02FA6 /* ViewController.m */ = {isa = PBXFileReference; lastKnownFileType = sourcecode.c.objc; path = ViewController.m; sourceTree = "<group>"; };
		B20631691B1BF4C000C02FA6 /* Base */ = {isa = PBXFileReference; lastKnownFileType = file.storyboard; name = Base; path = Base.lproj/Main.storyboard; sourceTree = "<group>"; };
		B206316B1B1BF4C000C02FA6 /* Images.xcassets */ = {isa = PBXFileReference; lastKnownFileType = folder.assetcatalog; path = Images.xcassets; sourceTree = "<group>"; };
		B206316E1B1BF4C000C02FA6 /* Base */ = {isa = PBXFileReference; lastKnownFileType = file.xib; name = Base; path = Base.lproj/LaunchScreen.xib; sourceTree = "<group>"; };
		B20631741B1BF4C000C02FA6 /* NTLoveStoreTests.xctest */ = {isa = PBXFileReference; explicitFileType = wrapper.cfbundle; includeInIndex = 0; path = NTLoveStoreTests.xctest; sourceTree = BUILT_PRODUCTS_DIR; };
		B20631791B1BF4C000C02FA6 /* Info.plist */ = {isa = PBXFileReference; lastKnownFileType = text.plist.xml; path = Info.plist; sourceTree = "<group>"; };
		B206317A1B1BF4C000C02FA6 /* NTLoveStoreTests.m */ = {isa = PBXFileReference; lastKnownFileType = sourcecode.c.objc; path = NTLoveStoreTests.m; sourceTree = "<group>"; };
		B20631841B1C0ED300C02FA6 /* libPods-MBProgressHUD.a */ = {isa = PBXFileReference; lastKnownFileType = archive.ar; name = "libPods-MBProgressHUD.a"; path = "Pods/../build/Debug-iphoneos/libPods-MBProgressHUD.a"; sourceTree = "<group>"; };
		B21037DA1B253DE300ED732B /* NTLoginViewController.h */ = {isa = PBXFileReference; fileEncoding = 4; lastKnownFileType = sourcecode.c.h; path = NTLoginViewController.h; sourceTree = "<group>"; };
		B21037DB1B253DE300ED732B /* NTLoginViewController.m */ = {isa = PBXFileReference; fileEncoding = 4; lastKnownFileType = sourcecode.c.objc; path = NTLoginViewController.m; sourceTree = "<group>"; };
		B21037DF1B253F8600ED732B /* NTdefine.h */ = {isa = PBXFileReference; fileEncoding = 4; lastKnownFileType = sourcecode.c.h; path = NTdefine.h; sourceTree = "<group>"; };
		B21037E11B2541C200ED732B /* NTColor.h */ = {isa = PBXFileReference; fileEncoding = 4; lastKnownFileType = sourcecode.c.h; path = NTColor.h; sourceTree = "<group>"; };
		B21037E21B2541C200ED732B /* NTColor.m */ = {isa = PBXFileReference; fileEncoding = 4; lastKnownFileType = sourcecode.c.objc; path = NTColor.m; sourceTree = "<group>"; };
		B21037E31B2541C200ED732B /* NTImage.h */ = {isa = PBXFileReference; fileEncoding = 4; lastKnownFileType = sourcecode.c.h; path = NTImage.h; sourceTree = "<group>"; };
		B21037E41B2541C200ED732B /* NTImage.m */ = {isa = PBXFileReference; fileEncoding = 4; lastKnownFileType = sourcecode.c.objc; path = NTImage.m; sourceTree = "<group>"; };
		B21037E71B25432400ED732B /* NTNormalHead.h */ = {isa = PBXFileReference; fileEncoding = 4; lastKnownFileType = sourcecode.c.h; path = NTNormalHead.h; sourceTree = "<group>"; };
		B21037EA1B2578F800ED732B /* NTParentViewController.h */ = {isa = PBXFileReference; fileEncoding = 4; lastKnownFileType = sourcecode.c.h; path = NTParentViewController.h; sourceTree = "<group>"; };
		B21037EB1B2578F800ED732B /* NTParentViewController.m */ = {isa = PBXFileReference; fileEncoding = 4; lastKnownFileType = sourcecode.c.objc; path = NTParentViewController.m; sourceTree = "<group>"; };
		B213C0C31B259D210023D6B5 /* NTAsynService.h */ = {isa = PBXFileReference; fileEncoding = 4; lastKnownFileType = sourcecode.c.h; path = NTAsynService.h; sourceTree = "<group>"; };
		B213C0C41B259D210023D6B5 /* NTAsynService.m */ = {isa = PBXFileReference; fileEncoding = 4; lastKnownFileType = sourcecode.c.objc; path = NTAsynService.m; sourceTree = "<group>"; };
		B2255A661B4C12DD00FA2C21 /* logo.png */ = {isa = PBXFileReference; lastKnownFileType = image.png; path = logo.png; sourceTree = "<group>"; };
		B2255A691B4C191C00FA2C21 /* VRGCalendarView.h */ = {isa = PBXFileReference; fileEncoding = 4; lastKnownFileType = sourcecode.c.h; path = VRGCalendarView.h; sourceTree = "<group>"; };
		B2255A6A1B4C191C00FA2C21 /* VRGCalendarView.m */ = {isa = PBXFileReference; fileEncoding = 4; lastKnownFileType = sourcecode.c.objc; path = VRGCalendarView.m; sourceTree = "<group>"; };
		B2255A6B1B4C191C00FA2C21 /* UIView+convenience.h */ = {isa = PBXFileReference; fileEncoding = 4; lastKnownFileType = sourcecode.c.h; path = "UIView+convenience.h"; sourceTree = "<group>"; };
		B2255A6C1B4C191C00FA2C21 /* UIView+convenience.m */ = {isa = PBXFileReference; fileEncoding = 4; lastKnownFileType = sourcecode.c.objc; path = "UIView+convenience.m"; sourceTree = "<group>"; };
		B2255A6D1B4C191C00FA2C21 /* NSMutableArray+convenience.h */ = {isa = PBXFileReference; fileEncoding = 4; lastKnownFileType = sourcecode.c.h; path = "NSMutableArray+convenience.h"; sourceTree = "<group>"; };
		B2255A6E1B4C191C00FA2C21 /* NSMutableArray+convenience.m */ = {isa = PBXFileReference; fileEncoding = 4; lastKnownFileType = sourcecode.c.objc; path = "NSMutableArray+convenience.m"; sourceTree = "<group>"; };
		B2255A6F1B4C191C00FA2C21 /* NSDate+convenience.h */ = {isa = PBXFileReference; fileEncoding = 4; lastKnownFileType = sourcecode.c.h; path = "NSDate+convenience.h"; sourceTree = "<group>"; };
		B2255A701B4C191C00FA2C21 /* NSDate+convenience.m */ = {isa = PBXFileReference; fileEncoding = 4; lastKnownFileType = sourcecode.c.objc; path = "NSDate+convenience.m"; sourceTree = "<group>"; };
		B2255A711B4C191C00FA2C21 /* UIColor+expanded.h */ = {isa = PBXFileReference; fileEncoding = 4; lastKnownFileType = sourcecode.c.h; path = "UIColor+expanded.h"; sourceTree = "<group>"; };
		B2255A721B4C191C00FA2C21 /* UIColor+expanded.m */ = {isa = PBXFileReference; fileEncoding = 4; lastKnownFileType = sourcecode.c.objc; path = "UIColor+expanded.m"; sourceTree = "<group>"; };
		B22F99E31B418B500027EB40 /* floar.jpg */ = {isa = PBXFileReference; lastKnownFileType = image.jpeg; path = floar.jpg; sourceTree = "<group>"; };
		B22F99E41B418B500027EB40 /* form.jpg */ = {isa = PBXFileReference; lastKnownFileType = image.jpeg; path = form.jpg; sourceTree = "<group>"; };
		B22F99E51B418B500027EB40 /* hotel.jpg */ = {isa = PBXFileReference; lastKnownFileType = image.jpeg; path = hotel.jpg; sourceTree = "<group>"; };
		B22F99E61B418B500027EB40 /* light.jpg */ = {isa = PBXFileReference; lastKnownFileType = image.jpeg; path = light.jpg; sourceTree = "<group>"; };
		B22F99E71B418B500027EB40 /* props.jpg */ = {isa = PBXFileReference; lastKnownFileType = image.jpeg; path = props.jpg; sourceTree = "<group>"; };
		B22F99E81B418B500027EB40 /* site.jpg */ = {isa = PBXFileReference; lastKnownFileType = image.jpeg; path = site.jpg; sourceTree = "<group>"; };
		B22F99E91B418B500027EB40 /* staff.jpg */ = {isa = PBXFileReference; lastKnownFileType = image.jpeg; path = staff.jpg; sourceTree = "<group>"; };
		B2394DC11B500CC500F1E516 /* NTConsultViewController.xib */ = {isa = PBXFileReference; fileEncoding = 4; lastKnownFileType = file.xib; path = NTConsultViewController.xib; sourceTree = "<group>"; };
		B23B3A391B29C5CA00328AD9 /* NTHomeView.h */ = {isa = PBXFileReference; fileEncoding = 4; lastKnownFileType = sourcecode.c.h; path = NTHomeView.h; sourceTree = "<group>"; };
		B23B3A3A1B29C5CA00328AD9 /* NTHomeView.m */ = {isa = PBXFileReference; fileEncoding = 4; lastKnownFileType = sourcecode.c.objc; path = NTHomeView.m; sourceTree = "<group>"; };
		B23F7F541B4022CF000B7C6F /* NTShare.h */ = {isa = PBXFileReference; fileEncoding = 4; lastKnownFileType = sourcecode.c.h; path = NTShare.h; sourceTree = "<group>"; };
		B251A2521B37E45C00B537A1 /* shopping.png */ = {isa = PBXFileReference; lastKnownFileType = image.png; path = shopping.png; sourceTree = "<group>"; };
		B251A2541B37E59200B537A1 /* user.png */ = {isa = PBXFileReference; lastKnownFileType = image.png; path = user.png; sourceTree = "<group>"; };
		B251A2561B37EBED00B537A1 /* separate.jpg */ = {isa = PBXFileReference; lastKnownFileType = image.jpeg; path = separate.jpg; sourceTree = "<group>"; };
		B251A2581B37F1FE00B537A1 /* NTUserPopViewController.h */ = {isa = PBXFileReference; fileEncoding = 4; lastKnownFileType = sourcecode.c.h; path = NTUserPopViewController.h; sourceTree = "<group>"; };
		B251A2591B37F1FE00B537A1 /* NTUserPopViewController.m */ = {isa = PBXFileReference; fileEncoding = 4; lastKnownFileType = sourcecode.c.objc; path = NTUserPopViewController.m; sourceTree = "<group>"; };
		B26284AA1B52771000890E2C /* NTShopcarTableViewCell.h */ = {isa = PBXFileReference; fileEncoding = 4; lastKnownFileType = sourcecode.c.h; path = NTShopcarTableViewCell.h; sourceTree = "<group>"; };
		B26284AB1B52771000890E2C /* NTShopcarTableViewCell.m */ = {isa = PBXFileReference; fileEncoding = 4; lastKnownFileType = sourcecode.c.objc; path = NTShopcarTableViewCell.m; sourceTree = "<group>"; };
		B26284AC1B52771000890E2C /* NTShopcarTableViewCell.xib */ = {isa = PBXFileReference; fileEncoding = 4; lastKnownFileType = file.xib; path = NTShopcarTableViewCell.xib; sourceTree = "<group>"; };
		B26EF0561B4448F0000D106D /* login.png */ = {isa = PBXFileReference; lastKnownFileType = image.png; path = login.png; sourceTree = "<group>"; };
		B283E05C1B31BC8F0001D6F1 /* NTWebViewController.h */ = {isa = PBXFileReference; fileEncoding = 4; lastKnownFileType = sourcecode.c.h; path = NTWebViewController.h; sourceTree = "<group>"; };
		B283E05D1B31BC8F0001D6F1 /* NTWebViewController.m */ = {isa = PBXFileReference; fileEncoding = 4; lastKnownFileType = sourcecode.c.objc; path = NTWebViewController.m; sourceTree = "<group>"; };
		B283E0601B31C9960001D6F1 /* NTShoppingCarViewController.h */ = {isa = PBXFileReference; fileEncoding = 4; lastKnownFileType = sourcecode.c.h; path = NTShoppingCarViewController.h; sourceTree = "<group>"; };
		B283E0611B31C9960001D6F1 /* NTShoppingCarViewController.m */ = {isa = PBXFileReference; fileEncoding = 4; lastKnownFileType = sourcecode.c.objc; path = NTShoppingCarViewController.m; sourceTree = "<group>"; };
		B28842171B1DE76E00C972CF /* NTUserDefaults.h */ = {isa = PBXFileReference; fileEncoding = 4; lastKnownFileType = sourcecode.c.h; path = NTUserDefaults.h; sourceTree = "<group>"; };
		B28842181B1DE76E00C972CF /* NTUserDefaults.m */ = {isa = PBXFileReference; fileEncoding = 4; lastKnownFileType = sourcecode.c.objc; path = NTUserDefaults.m; sourceTree = "<group>"; };
		B2A0463C1B27DD1800B260EF /* NTHeadSelectView.h */ = {isa = PBXFileReference; fileEncoding = 4; lastKnownFileType = sourcecode.c.h; path = NTHeadSelectView.h; sourceTree = "<group>"; };
		B2A0463D1B27DD1800B260EF /* NTHeadSelectView.m */ = {isa = PBXFileReference; fileEncoding = 4; lastKnownFileType = sourcecode.c.objc; path = NTHeadSelectView.m; sourceTree = "<group>"; };
		B2A4CECF1B317BF00058DE58 /* NTScrollImageView.h */ = {isa = PBXFileReference; fileEncoding = 4; lastKnownFileType = sourcecode.c.h; path = NTScrollImageView.h; sourceTree = "<group>"; };
		B2A4CED01B317BF00058DE58 /* NTScrollImageView.m */ = {isa = PBXFileReference; fileEncoding = 4; lastKnownFileType = sourcecode.c.objc; path = NTScrollImageView.m; sourceTree = "<group>"; };
		B2A4CED21B317DAA0058DE58 /* libPods-SDWebImage.a */ = {isa = PBXFileReference; lastKnownFileType = archive.ar; name = "libPods-SDWebImage.a"; path = "Pods/../build/Debug-iphoneos/libPods-SDWebImage.a"; sourceTree = "<group>"; };
		B2B21C891B59ECF000619882 /* NTUserInfoViewController.xib */ = {isa = PBXFileReference; fileEncoding = 4; lastKnownFileType = file.xib; path = NTUserInfoViewController.xib; sourceTree = "<group>"; };
		B2C71E641B26818500682AEB /* NTConfigurationFile.plist */ = {isa = PBXFileReference; fileEncoding = 4; lastKnownFileType = text.plist.xml; path = NTConfigurationFile.plist; sourceTree = "<group>"; };
		B2C71E661B26871600682AEB /* NTReadConfiguration.h */ = {isa = PBXFileReference; fileEncoding = 4; lastKnownFileType = sourcecode.c.h; path = NTReadConfiguration.h; sourceTree = "<group>"; };
		B2C71E671B26871600682AEB /* NTReadConfiguration.m */ = {isa = PBXFileReference; fileEncoding = 4; lastKnownFileType = sourcecode.c.objc; path = NTReadConfiguration.m; sourceTree = "<group>"; };
		B2CB93001B4516BC003385D7 /* NTFunction.h */ = {isa = PBXFileReference; fileEncoding = 4; lastKnownFileType = sourcecode.c.h; path = NTFunction.h; sourceTree = "<group>"; };
		B2CB93011B4516BC003385D7 /* NTFunction.m */ = {isa = PBXFileReference; fileEncoding = 4; lastKnownFileType = sourcecode.c.objc; path = NTFunction.m; sourceTree = "<group>"; };
		B2D533ED1B5FD122005C9B3D /* NTListTableViewCell.h */ = {isa = PBXFileReference; fileEncoding = 4; lastKnownFileType = sourcecode.c.h; path = NTListTableViewCell.h; sourceTree = "<group>"; };
		B2D533EE1B5FD122005C9B3D /* NTListTableViewCell.m */ = {isa = PBXFileReference; fileEncoding = 4; lastKnownFileType = sourcecode.c.objc; path = NTListTableViewCell.m; sourceTree = "<group>"; };
		B2D533EF1B5FD122005C9B3D /* NTListTableViewCell.xib */ = {isa = PBXFileReference; fileEncoding = 4; lastKnownFileType = file.xib; path = NTListTableViewCell.xib; sourceTree = "<group>"; };
		B2D533F21B5FD711005C9B3D /* NTListView.h */ = {isa = PBXFileReference; fileEncoding = 4; lastKnownFileType = sourcecode.c.h; path = NTListView.h; sourceTree = "<group>"; };
		B2D533F31B5FD711005C9B3D /* NTListView.m */ = {isa = PBXFileReference; fileEncoding = 4; lastKnownFileType = sourcecode.c.objc; path = NTListView.m; sourceTree = "<group>"; };
		B2D91DCD1B5122AE00DE9722 /* NTFInishView.h */ = {isa = PBXFileReference; fileEncoding = 4; lastKnownFileType = sourcecode.c.h; path = NTFInishView.h; sourceTree = "<group>"; };
		B2D91DCE1B5122AE00DE9722 /* NTFInishView.m */ = {isa = PBXFileReference; fileEncoding = 4; lastKnownFileType = sourcecode.c.objc; path = NTFInishView.m; sourceTree = "<group>"; };
		B2D91DD01B51274100DE9722 /* NTFinishView.xib */ = {isa = PBXFileReference; fileEncoding = 4; lastKnownFileType = file.xib; path = NTFinishView.xib; sourceTree = "<group>"; };
		B2D91DD21B51546A00DE9722 /* NTShoppingCarViewController.xib */ = {isa = PBXFileReference; fileEncoding = 4; lastKnownFileType = file.xib; path = NTShoppingCarViewController.xib; sourceTree = "<group>"; };
		B2D999031B2C10C20068DE87 /* NTLeftTableViewCell.h */ = {isa = PBXFileReference; fileEncoding = 4; lastKnownFileType = sourcecode.c.h; path = NTLeftTableViewCell.h; sourceTree = "<group>"; };
		B2D999041B2C10C20068DE87 /* NTLeftTableViewCell.m */ = {isa = PBXFileReference; fileEncoding = 4; lastKnownFileType = sourcecode.c.objc; path = NTLeftTableViewCell.m; sourceTree = "<group>"; };
		B2D999071B2C35E70068DE87 /* NTContentViewController.h */ = {isa = PBXFileReference; fileEncoding = 4; lastKnownFileType = sourcecode.c.h; path = NTContentViewController.h; sourceTree = "<group>"; };
		B2D999081B2C35E70068DE87 /* NTContentViewController.m */ = {isa = PBXFileReference; fileEncoding = 4; lastKnownFileType = sourcecode.c.objc; path = NTContentViewController.m; sourceTree = "<group>"; };
		B2E5C8AE1B37FBC40011A95F /* moreicon.png */ = {isa = PBXFileReference; lastKnownFileType = image.png; path = moreicon.png; sourceTree = "<group>"; };
		B2E808D21B4AB9DB00A9D9FE /* picple.png */ = {isa = PBXFileReference; lastKnownFileType = image.png; path = picple.png; sourceTree = "<group>"; };
		B2E808D41B4ABDC000A9D9FE /* HeaderBg_7.png */ = {isa = PBXFileReference; lastKnownFileType = image.png; path = HeaderBg_7.png; sourceTree = "<group>"; };
		B2E808D71B4ABEAF00A9D9FE /* NTButton.h */ = {isa = PBXFileReference; fileEncoding = 4; lastKnownFileType = sourcecode.c.h; path = NTButton.h; sourceTree = "<group>"; };
		B2EAB19B1B273B7B00BB419A /* libPods-EGOImageLoading.a */ = {isa = PBXFileReference; lastKnownFileType = archive.ar; name = "libPods-EGOImageLoading.a"; path = "Pods/../build/Debug-iphoneos/libPods-EGOImageLoading.a"; sourceTree = "<group>"; };
		B2EAB19D1B273B8100BB419A /* libPods-AFNetworking.a */ = {isa = PBXFileReference; lastKnownFileType = archive.ar; name = "libPods-AFNetworking.a"; path = "Pods/../build/Debug-iphoneos/libPods-AFNetworking.a"; sourceTree = "<group>"; };
		B2EAB19E1B273B8100BB419A /* libPods-EGOCache.a */ = {isa = PBXFileReference; lastKnownFileType = archive.ar; name = "libPods-EGOCache.a"; path = "Pods/../build/Debug-iphoneos/libPods-EGOCache.a"; sourceTree = "<group>"; };
		B2EF0B861B394126008B40ED /* NTUserInfoViewController.h */ = {isa = PBXFileReference; fileEncoding = 4; lastKnownFileType = sourcecode.c.h; path = NTUserInfoViewController.h; sourceTree = "<group>"; };
		B2EF0B871B394126008B40ED /* NTUserInfoViewController.m */ = {isa = PBXFileReference; fileEncoding = 4; lastKnownFileType = sourcecode.c.objc; path = NTUserInfoViewController.m; sourceTree = "<group>"; };
		B2F1F6D51B2ACFF000B6BCA8 /* NTMemberView.h */ = {isa = PBXFileReference; fileEncoding = 4; lastKnownFileType = sourcecode.c.h; path = NTMemberView.h; sourceTree = "<group>"; };
		B2F1F6D61B2ACFF000B6BCA8 /* NTMemberView.m */ = {isa = PBXFileReference; fileEncoding = 4; lastKnownFileType = sourcecode.c.objc; path = NTMemberView.m; sourceTree = "<group>"; };
		B2F1F6DA1B2AE43A00B6BCA8 /* NTFunctionTableViewCell.h */ = {isa = PBXFileReference; fileEncoding = 4; lastKnownFileType = sourcecode.c.h; path = NTFunctionTableViewCell.h; sourceTree = "<group>"; };
		B2F1F6DB1B2AE43A00B6BCA8 /* NTFunctionTableViewCell.m */ = {isa = PBXFileReference; fileEncoding = 4; lastKnownFileType = sourcecode.c.objc; path = NTFunctionTableViewCell.m; sourceTree = "<group>"; };
		B2F1F6DE1B2AE79E00B6BCA8 /* NTFunctionView.h */ = {isa = PBXFileReference; fileEncoding = 4; lastKnownFileType = sourcecode.c.h; path = NTFunctionView.h; sourceTree = "<group>"; };
		B2F1F6DF1B2AE79E00B6BCA8 /* NTFunctionView.m */ = {isa = PBXFileReference; fileEncoding = 4; lastKnownFileType = sourcecode.c.objc; path = NTFunctionView.m; sourceTree = "<group>"; };
		B2F2D10F1B42D0FE00231782 /* NTShowDetailVIew.h */ = {isa = PBXFileReference; fileEncoding = 4; lastKnownFileType = sourcecode.c.h; path = NTShowDetailVIew.h; sourceTree = "<group>"; };
		B2F2D1101B42D0FE00231782 /* NTShowDetailVIew.m */ = {isa = PBXFileReference; fileEncoding = 4; lastKnownFileType = sourcecode.c.objc; path = NTShowDetailVIew.m; sourceTree = "<group>"; };
		B2F3A1641B28919A00B1FCA1 /* NTButton.m */ = {isa = PBXFileReference; fileEncoding = 4; lastKnownFileType = sourcecode.c.objc; path = NTButton.m; sourceTree = "<group>"; };
		C07F5D2EA0F4239420C95EAA /* Pods.release.xcconfig */ = {isa = PBXFileReference; includeInIndex = 1; lastKnownFileType = text.xcconfig; name = Pods.release.xcconfig; path = "Pods/Target Support Files/Pods/Pods.release.xcconfig"; sourceTree = "<group>"; };
		EE460C36E7E38FBAFD5DF810 /* Pods.debug.xcconfig */ = {isa = PBXFileReference; includeInIndex = 1; lastKnownFileType = text.xcconfig; name = Pods.debug.xcconfig; path = "Pods/Target Support Files/Pods/Pods.debug.xcconfig"; sourceTree = "<group>"; };
/* End PBXFileReference section */

/* Begin PBXFrameworksBuildPhase section */
		B20631581B1BF4C000C02FA6 /* Frameworks */ = {
			isa = PBXFrameworksBuildPhase;
			buildActionMask = 2147483647;
			files = (
				B2A4CED31B317DAA0058DE58 /* libPods-SDWebImage.a in Frameworks */,
				B2EAB19F1B273B8100BB419A /* libPods-AFNetworking.a in Frameworks */,
				B2EAB1A01B273B8100BB419A /* libPods-EGOCache.a in Frameworks */,
				B2EAB19C1B273B7B00BB419A /* libPods-EGOImageLoading.a in Frameworks */,
				B20631851B1C0ED300C02FA6 /* libPods-MBProgressHUD.a in Frameworks */,
				5C920C477F57CFF21BB9C469 /* libPods.a in Frameworks */,
			);
			runOnlyForDeploymentPostprocessing = 0;
		};
		B20631711B1BF4C000C02FA6 /* Frameworks */ = {
			isa = PBXFrameworksBuildPhase;
			buildActionMask = 2147483647;
			files = (
			);
			runOnlyForDeploymentPostprocessing = 0;
		};
/* End PBXFrameworksBuildPhase section */

/* Begin PBXGroup section */
		1A4453A658D3B751C0E19904 /* Pods */ = {
			isa = PBXGroup;
			children = (
				DE4FC04F3EED67CCC56B28E7 /* Frameworks */,
				EE460C36E7E38FBAFD5DF810 /* Pods.debug.xcconfig */,
				C07F5D2EA0F4239420C95EAA /* Pods.release.xcconfig */,
			);
			name = Pods;
			sourceTree = "<group>";
		};
		B20631521B1BF4C000C02FA6 = {
			isa = PBXGroup;
			children = (
				B206315D1B1BF4C000C02FA6 /* NTLoveStore */,
				B20631771B1BF4C000C02FA6 /* NTLoveStoreTests */,
				B206315C1B1BF4C000C02FA6 /* Products */,
				1A4453A658D3B751C0E19904 /* Pods */,
			);
			sourceTree = "<group>";
		};
		B206315C1B1BF4C000C02FA6 /* Products */ = {
			isa = PBXGroup;
			children = (
				B206315B1B1BF4C000C02FA6 /* NTLoveStore.app */,
				B20631741B1BF4C000C02FA6 /* NTLoveStoreTests.xctest */,
			);
			name = Products;
			sourceTree = "<group>";
		};
		B206315D1B1BF4C000C02FA6 /* NTLoveStore */ = {
			isa = PBXGroup;
			children = (
				B2255A681B4C190200FA2C21 /* calendar */,
				B20631621B1BF4C000C02FA6 /* AppDelegate.h */,
				B20631631B1BF4C000C02FA6 /* AppDelegate.m */,
				B20631651B1BF4C000C02FA6 /* ViewController.h */,
				B20631661B1BF4C000C02FA6 /* ViewController.m */,
				B20631681B1BF4C000C02FA6 /* Main.storyboard */,
				B206316B1B1BF4C000C02FA6 /* Images.xcassets */,
				B206316D1B1BF4C000C02FA6 /* LaunchScreen.xib */,
				B21037E91B2578DD00ED732B /* NTParentView */,
				B2A046381B27CDD200B260EF /* NTFunctionView */,
				B2D999061B2C35C60068DE87 /* NTContentView */,
				B283E05F1B31C9770001D6F1 /* NTShoppingCarView */,
				B283E05B1B31BC710001D6F1 /* NTWebView */,
				B21037D91B253DB700ED732B /* NTUserToBVIew */,
				B28842161B1DE75000C972CF /* NTUserDefaults */,
				B21037E01B25418800ED732B /* NTCustomClass */,
				B213C0BF1B259C710023D6B5 /* NTService */,
				B251A24F1B37E2CB00B537A1 /* NTSource */,
				B206315E1B1BF4C000C02FA6 /* Supporting Files */,
				B21037DF1B253F8600ED732B /* NTdefine.h */,
				B23F7F541B4022CF000B7C6F /* NTShare.h */,
				B21037E71B25432400ED732B /* NTNormalHead.h */,
			);
			path = NTLoveStore;
			sourceTree = "<group>";
		};
		B206315E1B1BF4C000C02FA6 /* Supporting Files */ = {
			isa = PBXGroup;
			children = (
				B2C71E641B26818500682AEB /* NTConfigurationFile.plist */,
				B206315F1B1BF4C000C02FA6 /* Info.plist */,
				B20631601B1BF4C000C02FA6 /* main.m */,
			);
			name = "Supporting Files";
			sourceTree = "<group>";
		};
		B20631771B1BF4C000C02FA6 /* NTLoveStoreTests */ = {
			isa = PBXGroup;
			children = (
				B206317A1B1BF4C000C02FA6 /* NTLoveStoreTests.m */,
				B20631781B1BF4C000C02FA6 /* Supporting Files */,
			);
			path = NTLoveStoreTests;
			sourceTree = "<group>";
		};
		B20631781B1BF4C000C02FA6 /* Supporting Files */ = {
			isa = PBXGroup;
			children = (
				B20631791B1BF4C000C02FA6 /* Info.plist */,
			);
			name = "Supporting Files";
			sourceTree = "<group>";
		};
		B21037D91B253DB700ED732B /* NTUserToBVIew */ = {
			isa = PBXGroup;
			children = (
				B21037DA1B253DE300ED732B /* NTLoginViewController.h */,
				B21037DB1B253DE300ED732B /* NTLoginViewController.m */,
				B2EF0B861B394126008B40ED /* NTUserInfoViewController.h */,
				B2EF0B871B394126008B40ED /* NTUserInfoViewController.m */,
				B2B21C891B59ECF000619882 /* NTUserInfoViewController.xib */,
				B2D533F21B5FD711005C9B3D /* NTListView.h */,
				B2D533F31B5FD711005C9B3D /* NTListView.m */,
				B2D533ED1B5FD122005C9B3D /* NTListTableViewCell.h */,
				B2D533EE1B5FD122005C9B3D /* NTListTableViewCell.m */,
				B2D533EF1B5FD122005C9B3D /* NTListTableViewCell.xib */,
			);
			name = NTUserToBVIew;
			path = NTUserToB;
			sourceTree = "<group>";
		};
		B21037E01B25418800ED732B /* NTCustomClass */ = {
			isa = PBXGroup;
			children = (
				B21037E11B2541C200ED732B /* NTColor.h */,
				B21037E21B2541C200ED732B /* NTColor.m */,
				B21037E31B2541C200ED732B /* NTImage.h */,
				B21037E41B2541C200ED732B /* NTImage.m */,
				B2E808D71B4ABEAF00A9D9FE /* NTButton.h */,
				B2F3A1641B28919A00B1FCA1 /* NTButton.m */,
				B2A4CECF1B317BF00058DE58 /* NTScrollImageView.h */,
				B2A4CED01B317BF00058DE58 /* NTScrollImageView.m */,
				B251A2581B37F1FE00B537A1 /* NTUserPopViewController.h */,
				B251A2591B37F1FE00B537A1 /* NTUserPopViewController.m */,
				B2F2D10F1B42D0FE00231782 /* NTShowDetailVIew.h */,
				B2F2D1101B42D0FE00231782 /* NTShowDetailVIew.m */,
				B2D91DCD1B5122AE00DE9722 /* NTFInishView.h */,
				B2D91DCE1B5122AE00DE9722 /* NTFInishView.m */,
				B2D91DD01B51274100DE9722 /* NTFinishView.xib */,
			);
			path = NTCustomClass;
			sourceTree = "<group>";
		};
		B21037E91B2578DD00ED732B /* NTParentView */ = {
			isa = PBXGroup;
			children = (
				B21037EA1B2578F800ED732B /* NTParentViewController.h */,
				B21037EB1B2578F800ED732B /* NTParentViewController.m */,
			);
			path = NTParentView;
			sourceTree = "<group>";
		};
		B213C0BF1B259C710023D6B5 /* NTService */ = {
			isa = PBXGroup;
			children = (
				B213C0C31B259D210023D6B5 /* NTAsynService.h */,
				B213C0C41B259D210023D6B5 /* NTAsynService.m */,
			);
			path = NTService;
			sourceTree = "<group>";
		};
		B2255A681B4C190200FA2C21 /* calendar */ = {
			isa = PBXGroup;
			children = (
				B2255A691B4C191C00FA2C21 /* VRGCalendarView.h */,
				B2255A6A1B4C191C00FA2C21 /* VRGCalendarView.m */,
				B2255A6B1B4C191C00FA2C21 /* UIView+convenience.h */,
				B2255A6C1B4C191C00FA2C21 /* UIView+convenience.m */,
				B2255A6D1B4C191C00FA2C21 /* NSMutableArray+convenience.h */,
				B2255A6E1B4C191C00FA2C21 /* NSMutableArray+convenience.m */,
				B2255A6F1B4C191C00FA2C21 /* NSDate+convenience.h */,
				B2255A701B4C191C00FA2C21 /* NSDate+convenience.m */,
				B2255A711B4C191C00FA2C21 /* UIColor+expanded.h */,
				B2255A721B4C191C00FA2C21 /* UIColor+expanded.m */,
			);
			path = calendar;
			sourceTree = "<group>";
		};
		B251A24F1B37E2CB00B537A1 /* NTSource */ = {
			isa = PBXGroup;
			children = (
				B2E808D41B4ABDC000A9D9FE /* HeaderBg_7.png */,
				B26EF0561B4448F0000D106D /* login.png */,
				B2255A661B4C12DD00FA2C21 /* logo.png */,
				B2E808D21B4AB9DB00A9D9FE /* picple.png */,
				B22F99E31B418B500027EB40 /* floar.jpg */,
				B22F99E41B418B500027EB40 /* form.jpg */,
				B22F99E51B418B500027EB40 /* hotel.jpg */,
				B22F99E61B418B500027EB40 /* light.jpg */,
				B22F99E71B418B500027EB40 /* props.jpg */,
				B22F99E81B418B500027EB40 /* site.jpg */,
				B22F99E91B418B500027EB40 /* staff.jpg */,
				B2E5C8AE1B37FBC40011A95F /* moreicon.png */,
				B251A2561B37EBED00B537A1 /* separate.jpg */,
				B251A2521B37E45C00B537A1 /* shopping.png */,
				B251A2541B37E59200B537A1 /* user.png */,
			);
			path = NTSource;
			sourceTree = "<group>";
		};
		B283E05B1B31BC710001D6F1 /* NTWebView */ = {
			isa = PBXGroup;
			children = (
				B283E05C1B31BC8F0001D6F1 /* NTWebViewController.h */,
				B283E05D1B31BC8F0001D6F1 /* NTWebViewController.m */,
			);
			path = NTWebView;
			sourceTree = "<group>";
		};
		B283E05F1B31C9770001D6F1 /* NTShoppingCarView */ = {
			isa = PBXGroup;
			children = (
				B283E0601B31C9960001D6F1 /* NTShoppingCarViewController.h */,
				B283E0611B31C9960001D6F1 /* NTShoppingCarViewController.m */,
				B2D91DD21B51546A00DE9722 /* NTShoppingCarViewController.xib */,
				B26284AA1B52771000890E2C /* NTShopcarTableViewCell.h */,
				B26284AB1B52771000890E2C /* NTShopcarTableViewCell.m */,
				B26284AC1B52771000890E2C /* NTShopcarTableViewCell.xib */,
			);
			path = NTShoppingCarView;
			sourceTree = "<group>";
		};
		B28842161B1DE75000C972CF /* NTUserDefaults */ = {
			isa = PBXGroup;
			children = (
				B28842171B1DE76E00C972CF /* NTUserDefaults.h */,
				B28842181B1DE76E00C972CF /* NTUserDefaults.m */,
				B2C71E661B26871600682AEB /* NTReadConfiguration.h */,
				B2C71E671B26871600682AEB /* NTReadConfiguration.m */,
				B2CB93001B4516BC003385D7 /* NTFunction.h */,
				B2CB93011B4516BC003385D7 /* NTFunction.m */,
			);
			path = NTUserDefaults;
			sourceTree = "<group>";
		};
		B2A046381B27CDD200B260EF /* NTFunctionView */ = {
			isa = PBXGroup;
			children = (
				B2A0463C1B27DD1800B260EF /* NTHeadSelectView.h */,
				B2A0463D1B27DD1800B260EF /* NTHeadSelectView.m */,
				B23B3A391B29C5CA00328AD9 /* NTHomeView.h */,
				B23B3A3A1B29C5CA00328AD9 /* NTHomeView.m */,
				B2F1F6D51B2ACFF000B6BCA8 /* NTMemberView.h */,
				B2F1F6D61B2ACFF000B6BCA8 /* NTMemberView.m */,
				B2F1F6DA1B2AE43A00B6BCA8 /* NTFunctionTableViewCell.h */,
				B2F1F6DB1B2AE43A00B6BCA8 /* NTFunctionTableViewCell.m */,
				B2D999031B2C10C20068DE87 /* NTLeftTableViewCell.h */,
				B2D999041B2C10C20068DE87 /* NTLeftTableViewCell.m */,
				B2F1F6DE1B2AE79E00B6BCA8 /* NTFunctionView.h */,
				B2F1F6DF1B2AE79E00B6BCA8 /* NTFunctionView.m */,
			);
			path = NTFunctionView;
			sourceTree = "<group>";
		};
		B2D999061B2C35C60068DE87 /* NTContentView */ = {
			isa = PBXGroup;
			children = (
				B2D999071B2C35E70068DE87 /* NTContentViewController.h */,
				B2D999081B2C35E70068DE87 /* NTContentViewController.m */,
				B200CF8B1B4EB87B00130D73 /* NTConsultViewController.h */,
				B200CF8C1B4EB87B00130D73 /* NTConsultViewController.m */,
				B2394DC11B500CC500F1E516 /* NTConsultViewController.xib */,
			);
			path = NTContentView;
			sourceTree = "<group>";
		};
		DE4FC04F3EED67CCC56B28E7 /* Frameworks */ = {
			isa = PBXGroup;
			children = (
				B2A4CED21B317DAA0058DE58 /* libPods-SDWebImage.a */,
				B2EAB19D1B273B8100BB419A /* libPods-AFNetworking.a */,
				B2EAB19E1B273B8100BB419A /* libPods-EGOCache.a */,
				B2EAB19B1B273B7B00BB419A /* libPods-EGOImageLoading.a */,
				B20631841B1C0ED300C02FA6 /* libPods-MBProgressHUD.a */,
				02CB0EAAE541F33ECEC254AF /* libPods.a */,
			);
			name = Frameworks;
			sourceTree = "<group>";
		};
/* End PBXGroup section */

/* Begin PBXNativeTarget section */
		B206315A1B1BF4C000C02FA6 /* NTLoveStore */ = {
			isa = PBXNativeTarget;
			buildConfigurationList = B206317E1B1BF4C000C02FA6 /* Build configuration list for PBXNativeTarget "NTLoveStore" */;
			buildPhases = (
				19961D913EBD3137E7D4F025 /* Check Pods Manifest.lock */,
				B20631571B1BF4C000C02FA6 /* Sources */,
				B20631581B1BF4C000C02FA6 /* Frameworks */,
				B20631591B1BF4C000C02FA6 /* Resources */,
				79257D11C8963834CF554F30 /* Copy Pods Resources */,
			);
			buildRules = (
			);
			dependencies = (
			);
			name = NTLoveStore;
			productName = NTLoveStore;
			productReference = B206315B1B1BF4C000C02FA6 /* NTLoveStore.app */;
			productType = "com.apple.product-type.application";
		};
		B20631731B1BF4C000C02FA6 /* NTLoveStoreTests */ = {
			isa = PBXNativeTarget;
			buildConfigurationList = B20631811B1BF4C000C02FA6 /* Build configuration list for PBXNativeTarget "NTLoveStoreTests" */;
			buildPhases = (
				B20631701B1BF4C000C02FA6 /* Sources */,
				B20631711B1BF4C000C02FA6 /* Frameworks */,
				B20631721B1BF4C000C02FA6 /* Resources */,
			);
			buildRules = (
			);
			dependencies = (
				B20631761B1BF4C000C02FA6 /* PBXTargetDependency */,
			);
			name = NTLoveStoreTests;
			productName = NTLoveStoreTests;
			productReference = B20631741B1BF4C000C02FA6 /* NTLoveStoreTests.xctest */;
			productType = "com.apple.product-type.bundle.unit-test";
		};
/* End PBXNativeTarget section */

/* Begin PBXProject section */
		B20631531B1BF4C000C02FA6 /* Project object */ = {
			isa = PBXProject;
			attributes = {
				LastUpgradeCheck = 0630;
				ORGANIZATIONNAME = liying;
				TargetAttributes = {
					B206315A1B1BF4C000C02FA6 = {
						CreatedOnToolsVersion = 6.3.2;
						DevelopmentTeam = FBJ73GTMGR;
					};
					B20631731B1BF4C000C02FA6 = {
						CreatedOnToolsVersion = 6.3.2;
						TestTargetID = B206315A1B1BF4C000C02FA6;
					};
				};
			};
			buildConfigurationList = B20631561B1BF4C000C02FA6 /* Build configuration list for PBXProject "NTLoveStore" */;
			compatibilityVersion = "Xcode 3.2";
			developmentRegion = English;
			hasScannedForEncodings = 0;
			knownRegions = (
				en,
				Base,
			);
			mainGroup = B20631521B1BF4C000C02FA6;
			productRefGroup = B206315C1B1BF4C000C02FA6 /* Products */;
			projectDirPath = "";
			projectRoot = "";
			targets = (
				B206315A1B1BF4C000C02FA6 /* NTLoveStore */,
				B20631731B1BF4C000C02FA6 /* NTLoveStoreTests */,
			);
		};
/* End PBXProject section */

/* Begin PBXResourcesBuildPhase section */
		B20631591B1BF4C000C02FA6 /* Resources */ = {
			isa = PBXResourcesBuildPhase;
			buildActionMask = 2147483647;
			files = (
				B2D91DD11B51274100DE9722 /* NTFinishView.xib in Resources */,
				B251A2571B37EBED00B537A1 /* separate.jpg in Resources */,
				B2394DC21B500CC500F1E516 /* NTConsultViewController.xib in Resources */,
				B22F99EF1B418B500027EB40 /* site.jpg in Resources */,
				B2D533F11B5FD122005C9B3D /* NTListTableViewCell.xib in Resources */,
				B206316A1B1BF4C000C02FA6 /* Main.storyboard in Resources */,
				B2E5C8AF1B37FBC40011A95F /* moreicon.png in Resources */,
				B22F99EC1B418B500027EB40 /* hotel.jpg in Resources */,
				B26284AE1B52771000890E2C /* NTShopcarTableViewCell.xib in Resources */,
				B2C71E651B26818500682AEB /* NTConfigurationFile.plist in Resources */,
				B2B21C8A1B59ECF000619882 /* NTUserInfoViewController.xib in Resources */,
				B206316F1B1BF4C000C02FA6 /* LaunchScreen.xib in Resources */,
				B22F99EB1B418B500027EB40 /* form.jpg in Resources */,
				B251A2551B37E59200B537A1 /* user.png in Resources */,
				B22F99ED1B418B500027EB40 /* light.jpg in Resources */,
				B22F99EE1B418B500027EB40 /* props.jpg in Resources */,
				B26EF0571B4448F0000D106D /* login.png in Resources */,
				B2255A671B4C12DD00FA2C21 /* logo.png in Resources */,
				B22F99F01B418B500027EB40 /* staff.jpg in Resources */,
				B2E808D31B4AB9DB00A9D9FE /* picple.png in Resources */,
				B2D91DD31B51546A00DE9722 /* NTShoppingCarViewController.xib in Resources */,
				B206316C1B1BF4C000C02FA6 /* Images.xcassets in Resources */,
				B22F99EA1B418B500027EB40 /* floar.jpg in Resources */,
				B2E808D51B4ABDC000A9D9FE /* HeaderBg_7.png in Resources */,
				B251A2531B37E45C00B537A1 /* shopping.png in Resources */,
			);
			runOnlyForDeploymentPostprocessing = 0;
		};
		B20631721B1BF4C000C02FA6 /* Resources */ = {
			isa = PBXResourcesBuildPhase;
			buildActionMask = 2147483647;
			files = (
			);
			runOnlyForDeploymentPostprocessing = 0;
		};
/* End PBXResourcesBuildPhase section */

/* Begin PBXShellScriptBuildPhase section */
		19961D913EBD3137E7D4F025 /* Check Pods Manifest.lock */ = {
			isa = PBXShellScriptBuildPhase;
			buildActionMask = 2147483647;
			files = (
			);
			inputPaths = (
			);
			name = "Check Pods Manifest.lock";
			outputPaths = (
			);
			runOnlyForDeploymentPostprocessing = 0;
			shellPath = /bin/sh;
			shellScript = "diff \"${PODS_ROOT}/../Podfile.lock\" \"${PODS_ROOT}/Manifest.lock\" > /dev/null\nif [[ $? != 0 ]] ; then\n    cat << EOM\nerror: The sandbox is not in sync with the Podfile.lock. Run 'pod install' or update your CocoaPods installation.\nEOM\n    exit 1\nfi\n";
			showEnvVarsInLog = 0;
		};
		79257D11C8963834CF554F30 /* Copy Pods Resources */ = {
			isa = PBXShellScriptBuildPhase;
			buildActionMask = 2147483647;
			files = (
			);
			inputPaths = (
			);
			name = "Copy Pods Resources";
			outputPaths = (
			);
			runOnlyForDeploymentPostprocessing = 0;
			shellPath = /bin/sh;
			shellScript = "\"${SRCROOT}/Pods/Target Support Files/Pods/Pods-resources.sh\"\n";
			showEnvVarsInLog = 0;
		};
/* End PBXShellScriptBuildPhase section */

/* Begin PBXSourcesBuildPhase section */
		B20631571B1BF4C000C02FA6 /* Sources */ = {
			isa = PBXSourcesBuildPhase;
			buildActionMask = 2147483647;
			files = (
				B28842191B1DE76E00C972CF /* NTUserDefaults.m in Sources */,
				B2255A751B4C191C00FA2C21 /* NSMutableArray+convenience.m in Sources */,
				B2A0463E1B27DD1800B260EF /* NTHeadSelectView.m in Sources */,
				B213C0C51B259D210023D6B5 /* NTAsynService.m in Sources */,
				B23B3A3B1B29C5CA00328AD9 /* NTHomeView.m in Sources */,
				B2D533F01B5FD122005C9B3D /* NTListTableViewCell.m in Sources */,
				B2255A731B4C191C00FA2C21 /* VRGCalendarView.m in Sources */,
				B26284AD1B52771000890E2C /* NTShopcarTableViewCell.m in Sources */,
				B2A4CED11B317BF00058DE58 /* NTScrollImageView.m in Sources */,
				B2D91DCF1B5122AE00DE9722 /* NTFInishView.m in Sources */,
				B21037DC1B253DE300ED732B /* NTLoginViewController.m in Sources */,
				B2F2D1111B42D0FE00231782 /* NTShowDetailVIew.m in Sources */,
				B200CF8D1B4EB87B00130D73 /* NTConsultViewController.m in Sources */,
				B2D533F41B5FD711005C9B3D /* NTListView.m in Sources */,
				B251A25A1B37F1FE00B537A1 /* NTUserPopViewController.m in Sources */,
				B2255A761B4C191C00FA2C21 /* NSDate+convenience.m in Sources */,
				B2F1F6E01B2AE79E00B6BCA8 /* NTFunctionView.m in Sources */,
				B2EF0B881B394126008B40ED /* NTUserInfoViewController.m in Sources */,
				B283E05E1B31BC8F0001D6F1 /* NTWebViewController.m in Sources */,
				B2CB93021B4516BC003385D7 /* NTFunction.m in Sources */,
				B2D999091B2C35E70068DE87 /* NTContentViewController.m in Sources */,
				B20631671B1BF4C000C02FA6 /* ViewController.m in Sources */,
				B283E0621B31C9960001D6F1 /* NTShoppingCarViewController.m in Sources */,
				B21037E61B2541C200ED732B /* NTImage.m in Sources */,
				B20631641B1BF4C000C02FA6 /* AppDelegate.m in Sources */,
				B2255A771B4C191C00FA2C21 /* UIColor+expanded.m in Sources */,
				B20631611B1BF4C000C02FA6 /* main.m in Sources */,
				B21037EC1B2578F800ED732B /* NTParentViewController.m in Sources */,
				B2F1F6DC1B2AE43A00B6BCA8 /* NTFunctionTableViewCell.m in Sources */,
				B21037E51B2541C200ED732B /* NTColor.m in Sources */,
				B2255A741B4C191C00FA2C21 /* UIView+convenience.m in Sources */,
				B2C71E681B26871600682AEB /* NTReadConfiguration.m in Sources */,
				B2F1F6D71B2ACFF000B6BCA8 /* NTMemberView.m in Sources */,
				B2D999051B2C10C20068DE87 /* NTLeftTableViewCell.m in Sources */,
				B2F3A1651B28919A00B1FCA1 /* NTButton.m in Sources */,
			);
			runOnlyForDeploymentPostprocessing = 0;
		};
		B20631701B1BF4C000C02FA6 /* Sources */ = {
			isa = PBXSourcesBuildPhase;
			buildActionMask = 2147483647;
			files = (
				B206317B1B1BF4C000C02FA6 /* NTLoveStoreTests.m in Sources */,
			);
			runOnlyForDeploymentPostprocessing = 0;
		};
/* End PBXSourcesBuildPhase section */

/* Begin PBXTargetDependency section */
		B20631761B1BF4C000C02FA6 /* PBXTargetDependency */ = {
			isa = PBXTargetDependency;
			target = B206315A1B1BF4C000C02FA6 /* NTLoveStore */;
			targetProxy = B20631751B1BF4C000C02FA6 /* PBXContainerItemProxy */;
		};
/* End PBXTargetDependency section */

/* Begin PBXVariantGroup section */
		B20631681B1BF4C000C02FA6 /* Main.storyboard */ = {
			isa = PBXVariantGroup;
			children = (
				B20631691B1BF4C000C02FA6 /* Base */,
			);
			name = Main.storyboard;
			sourceTree = "<group>";
		};
		B206316D1B1BF4C000C02FA6 /* LaunchScreen.xib */ = {
			isa = PBXVariantGroup;
			children = (
				B206316E1B1BF4C000C02FA6 /* Base */,
			);
			name = LaunchScreen.xib;
			sourceTree = "<group>";
		};
/* End PBXVariantGroup section */

/* Begin XCBuildConfiguration section */
		B206317C1B1BF4C000C02FA6 /* Debug */ = {
			isa = XCBuildConfiguration;
			buildSettings = {
				ALWAYS_SEARCH_USER_PATHS = NO;
				CLANG_CXX_LANGUAGE_STANDARD = "gnu++0x";
				CLANG_CXX_LIBRARY = "libc++";
				CLANG_ENABLE_MODULES = YES;
				CLANG_ENABLE_OBJC_ARC = YES;
				CLANG_WARN_BOOL_CONVERSION = YES;
				CLANG_WARN_CONSTANT_CONVERSION = YES;
				CLANG_WARN_DIRECT_OBJC_ISA_USAGE = YES_ERROR;
				CLANG_WARN_EMPTY_BODY = YES;
				CLANG_WARN_ENUM_CONVERSION = YES;
				CLANG_WARN_INT_CONVERSION = YES;
				CLANG_WARN_OBJC_ROOT_CLASS = YES_ERROR;
				CLANG_WARN_UNREACHABLE_CODE = YES;
				CLANG_WARN__DUPLICATE_METHOD_MATCH = YES;
				CODE_SIGN_IDENTITY = "iPhone Developer: yun tian (UM9YNB44RQ)";
				"CODE_SIGN_IDENTITY[sdk=iphoneos*]" = "iPhone Developer: yun tian (UM9YNB44RQ)";
				COPY_PHASE_STRIP = NO;
				DEBUG_INFORMATION_FORMAT = "dwarf-with-dsym";
				ENABLE_STRICT_OBJC_MSGSEND = YES;
				GCC_C_LANGUAGE_STANDARD = gnu99;
				GCC_DYNAMIC_NO_PIC = NO;
				GCC_NO_COMMON_BLOCKS = YES;
				GCC_OPTIMIZATION_LEVEL = 0;
				GCC_PREPROCESSOR_DEFINITIONS = (
					"DEBUG=1",
					"$(inherited)",
				);
				GCC_SYMBOLS_PRIVATE_EXTERN = NO;
				GCC_WARN_64_TO_32_BIT_CONVERSION = YES;
				GCC_WARN_ABOUT_RETURN_TYPE = YES_ERROR;
				GCC_WARN_UNDECLARED_SELECTOR = YES;
				GCC_WARN_UNINITIALIZED_AUTOS = YES_AGGRESSIVE;
				GCC_WARN_UNUSED_FUNCTION = YES;
				GCC_WARN_UNUSED_VARIABLE = YES;
				IPHONEOS_DEPLOYMENT_TARGET = 7.0;
				MTL_ENABLE_DEBUG_INFO = YES;
				ONLY_ACTIVE_ARCH = YES;
				PROVISIONING_PROFILE = "cc701ec0-e284-4fea-a8a3-2fcd1067d626";
				SDKROOT = iphoneos;
				TARGETED_DEVICE_FAMILY = 2;
			};
			name = Debug;
		};
		B206317D1B1BF4C000C02FA6 /* Release */ = {
			isa = XCBuildConfiguration;
			buildSettings = {
				ALWAYS_SEARCH_USER_PATHS = NO;
				CLANG_CXX_LANGUAGE_STANDARD = "gnu++0x";
				CLANG_CXX_LIBRARY = "libc++";
				CLANG_ENABLE_MODULES = YES;
				CLANG_ENABLE_OBJC_ARC = YES;
				CLANG_WARN_BOOL_CONVERSION = YES;
				CLANG_WARN_CONSTANT_CONVERSION = YES;
				CLANG_WARN_DIRECT_OBJC_ISA_USAGE = YES_ERROR;
				CLANG_WARN_EMPTY_BODY = YES;
				CLANG_WARN_ENUM_CONVERSION = YES;
				CLANG_WARN_INT_CONVERSION = YES;
				CLANG_WARN_OBJC_ROOT_CLASS = YES_ERROR;
				CLANG_WARN_UNREACHABLE_CODE = YES;
				CLANG_WARN__DUPLICATE_METHOD_MATCH = YES;
				CODE_SIGN_IDENTITY = "iPhone Distribution: yun tian (FBJ73GTMGR)";
				"CODE_SIGN_IDENTITY[sdk=iphoneos*]" = "iPhone Distribution: yun tian (FBJ73GTMGR)";
				COPY_PHASE_STRIP = NO;
				DEBUG_INFORMATION_FORMAT = "dwarf-with-dsym";
				ENABLE_NS_ASSERTIONS = NO;
				ENABLE_STRICT_OBJC_MSGSEND = YES;
				GCC_C_LANGUAGE_STANDARD = gnu99;
				GCC_NO_COMMON_BLOCKS = YES;
				GCC_WARN_64_TO_32_BIT_CONVERSION = YES;
				GCC_WARN_ABOUT_RETURN_TYPE = YES_ERROR;
				GCC_WARN_UNDECLARED_SELECTOR = YES;
				GCC_WARN_UNINITIALIZED_AUTOS = YES_AGGRESSIVE;
				GCC_WARN_UNUSED_FUNCTION = YES;
				GCC_WARN_UNUSED_VARIABLE = YES;
				IPHONEOS_DEPLOYMENT_TARGET = 7.0;
				MTL_ENABLE_DEBUG_INFO = NO;
				PROVISIONING_PROFILE = "bed6aed0-03c6-4dda-b8aa-e38e15e2b0ca";
				SDKROOT = iphoneos;
				TARGETED_DEVICE_FAMILY = 2;
				VALIDATE_PRODUCT = YES;
			};
			name = Release;
		};
		B206317F1B1BF4C000C02FA6 /* Debug */ = {
			isa = XCBuildConfiguration;
			baseConfigurationReference = EE460C36E7E38FBAFD5DF810 /* Pods.debug.xcconfig */;
			buildSettings = {
				ASSETCATALOG_COMPILER_APPICON_NAME = AppIcon;
				CODE_SIGN_IDENTITY = "iPhone Developer: yun tian (UM9YNB44RQ)";
				"CODE_SIGN_IDENTITY[sdk=iphoneos*]" = "iPhone Developer: yun tian (UM9YNB44RQ)";
				INFOPLIST_FILE = NTLoveStore/Info.plist;
				LD_RUNPATH_SEARCH_PATHS = "$(inherited) @executable_path/Frameworks";
				LIBRARY_SEARCH_PATHS = (
					"$(inherited)",
					"$(PROJECT_DIR)/build/Debug-iphoneos",
				);
				PRODUCT_NAME = "$(TARGET_NAME)";
				PROVISIONING_PROFILE = "cc701ec0-e284-4fea-a8a3-2fcd1067d626";
			};
			name = Debug;
		};
		B20631801B1BF4C000C02FA6 /* Release */ = {
			isa = XCBuildConfiguration;
			baseConfigurationReference = C07F5D2EA0F4239420C95EAA /* Pods.release.xcconfig */;
			buildSettings = {
				ASSETCATALOG_COMPILER_APPICON_NAME = AppIcon;
				CODE_SIGN_IDENTITY = "iPhone Distribution: yun tian (FBJ73GTMGR)";
				"CODE_SIGN_IDENTITY[sdk=iphoneos*]" = "iPhone Distribution: yun tian (FBJ73GTMGR)";
				INFOPLIST_FILE = NTLoveStore/Info.plist;
				LD_RUNPATH_SEARCH_PATHS = "$(inherited) @executable_path/Frameworks";
				LIBRARY_SEARCH_PATHS = (
					"$(inherited)",
					"$(PROJECT_DIR)/build/Debug-iphoneos",
				);
				PRODUCT_NAME = "$(TARGET_NAME)";
				PROVISIONING_PROFILE = "bed6aed0-03c6-4dda-b8aa-e38e15e2b0ca";
			};
			name = Release;
		};
		B20631821B1BF4C000C02FA6 /* Debug */ = {
			isa = XCBuildConfiguration;
			buildSettings = {
				BUNDLE_LOADER = "$(TEST_HOST)";
				FRAMEWORK_SEARCH_PATHS = (
					"$(SDKROOT)/Developer/Library/Frameworks",
					"$(inherited)",
				);
				GCC_PREPROCESSOR_DEFINITIONS = (
					"DEBUG=1",
					"$(inherited)",
				);
				INFOPLIST_FILE = NTLoveStoreTests/Info.plist;
				LD_RUNPATH_SEARCH_PATHS = "$(inherited) @executable_path/Frameworks @loader_path/Frameworks";
				PRODUCT_NAME = "$(TARGET_NAME)";
				TEST_HOST = "$(BUILT_PRODUCTS_DIR)/NTLoveStore.app/NTLoveStore";
			};
			name = Debug;
		};
		B20631831B1BF4C000C02FA6 /* Release */ = {
			isa = XCBuildConfiguration;
			buildSettings = {
				BUNDLE_LOADER = "$(TEST_HOST)";
				FRAMEWORK_SEARCH_PATHS = (
					"$(SDKROOT)/Developer/Library/Frameworks",
					"$(inherited)",
				);
				INFOPLIST_FILE = NTLoveStoreTests/Info.plist;
				LD_RUNPATH_SEARCH_PATHS = "$(inherited) @executable_path/Frameworks @loader_path/Frameworks";
				PRODUCT_NAME = "$(TARGET_NAME)";
				TEST_HOST = "$(BUILT_PRODUCTS_DIR)/NTLoveStore.app/NTLoveStore";
			};
			name = Release;
		};
/* End XCBuildConfiguration section */

/* Begin XCConfigurationList section */
		B20631561B1BF4C000C02FA6 /* Build configuration list for PBXProject "NTLoveStore" */ = {
			isa = XCConfigurationList;
			buildConfigurations = (
				B206317C1B1BF4C000C02FA6 /* Debug */,
				B206317D1B1BF4C000C02FA6 /* Release */,
			);
			defaultConfigurationIsVisible = 0;
			defaultConfigurationName = Release;
		};
		B206317E1B1BF4C000C02FA6 /* Build configuration list for PBXNativeTarget "NTLoveStore" */ = {
			isa = XCConfigurationList;
			buildConfigurations = (
				B206317F1B1BF4C000C02FA6 /* Debug */,
				B20631801B1BF4C000C02FA6 /* Release */,
			);
			defaultConfigurationIsVisible = 0;
			defaultConfigurationName = Release;
		};
		B20631811B1BF4C000C02FA6 /* Build configuration list for PBXNativeTarget "NTLoveStoreTests" */ = {
			isa = XCConfigurationList;
			buildConfigurations = (
				B20631821B1BF4C000C02FA6 /* Debug */,
				B20631831B1BF4C000C02FA6 /* Release */,
			);
			defaultConfigurationIsVisible = 0;
			defaultConfigurationName = Release;
		};
/* End XCConfigurationList section */
	};
	rootObject = B20631531B1BF4C000C02FA6 /* Project object */;
}
